version = 1
revision = 3
requires-python = ">=3.12"

[[package]]
name = "altgraph"
version = "0.17.5"
source = { registry = "https://pypi.org/simple" }
sdist = { url = "https://files.pythonhosted.org/packages/7e/f8/97fdf103f38fed6792a1601dbc16cc8aac56e7459a9fff08c812d8ae177a/altgraph-0.17.5.tar.gz", hash = "sha256:c87b395dd12fabde9c99573a9749d67da8d29ef9de0125c7f536699b4a9bc9e7", size = 48428, upload-time = "2025-11-21T20:35:50.583Z" }
wheels = [
    { url = "https://files.pythonhosted.org/packages/a9/ba/000a1996d4308bc65120167c21241a3b205464a2e0b58deda26ae8ac21d1/altgraph-0.17.5-py2.py3-none-any.whl", hash = "sha256:f3a22400bce1b0c701683820ac4f3b159cd301acab067c51c653e06961600597", size = 21228, upload-time = "2025-11-21T20:35:49.444Z" },
]

[[package]]
name = "chardet"
version = "7.6.0"
source = { registry = "https://pypi.org/simple" }
sdist = { url = "https://files.pythonhosted.org/packages/b1/51/cd61c567092a6cec796144510a68aff158ebfc1df82950a45bae65f28413/chardet-7.6.0.tar.gz", hash = "sha256:93d9df6089ded42ed1fe9f57e272c0b74bd0464d45c0c7d50f09f26f31105c3c", size = 914462, upload-time = "2026-08-14T20:36:59.305Z" }
wheels = [
    { url = "https://files.pythonhosted.org/packages/6f/62/64da80dad0c804e743b4156f379183578f1e33918856ae928dc9248a6002/chardet-7.6.0-cp312-cp312-macosx_10_13_x86_64.whl", hash = "sha256:19fea52164e6e00f2a21ed418f42e4b0162a09199274c86d07ad3efd661317c4", size = 1094073, upload-time = "2026-08-14T20:36:26.53Z" },
    { url = "https://files.pythonhosted.org/packages/44/99/934fb862d102c8756008597f4398323f32cef329f16e87fbb3bf76d4f4be/chardet-7.6.0-cp312-cp312-macosx_11_0_arm64.whl", hash = "sha256:a12023d48d0e207791c01161d03cb3c0d85c6a15f345eb9d3d56063a63d1e40f", size = 1071612, upload-time = "2026-08-14T20:36:28.067Z" },
    { url = "https://files.pythonhosted.org/packages/71/e9/b04e0ec576a77e79fe37279a9a5d5b1ae752d365e43df2eca0d0eee4cea5/chardet-7.6.0-cp312-cp312-manylinux2014_aarch64.manylinux_2_17_aarch64.manylinux_2_28_aarch64.whl", hash = "sha256:249993b88ac7a58cad2781acea8f379152a28a719c9b401d614898c63a8c83da", size = 1489219, upload-time = "2026-08-14T20:36:29.357Z" },
    { url = "https://files.pythonhosted.org/packages/7d/a2/c4d99299e9ce7fad561f8bb56babbbbdd3bb6b4fbd7c0ec674c1dbdd2cc5/chardet-7.6.0-cp312-cp312-manylinux2014_x86_64.manylinux_2_17_x86_64.manylinux_2_28_x86_64.whl", hash = "sha256:2cf0adaca8b1c4bacfade9d0a1e4f8f70b1bb122833d6f07ab90e3adc84eb13a", size = 1518293, upload-time = "2026-08-14T20:36:30.879Z" },
    { url = "https://files.pythonhosted.org/packages/56/1d/49f13052b74303bab2789d098063cbd19758217949ea54ffa216b6098cb3/chardet-7.6.0-cp312-cp312-manylinux_2_31_riscv64.manylinux_2_39_riscv64.whl", hash = "sha256:cf6d08c2373b7772a558d141f9e8cee53fe1d222341bac612e4d558b04995f73", size = 1459077, upload-time = "2026-08-14T20:36:32.149Z" },
    { url = "https://files.pythonhosted.org/packages/0d/53/8da1f4758286efd8faf71356facddb382788ecf1bbd7c70d63e2e18a4898/chardet-7.6.0-cp312-cp312-win_amd64.whl", hash = "sha256:406936df1328a3284fef366eaa2bfd1cccd0ef1b10cb99781dd5b022ea644b84", size = 1160778, upload-time = "2026-08-14T20:36:33.436Z" },
    { url = "https://files.pythonhosted.org/packages/a3/29/16a7419edfbd60e901e6a797cbc3e038cb2a81903bc16c029db755f0156f/chardet-7.6.0-cp313-cp313-macosx_10_13_x86_64.whl", hash = "sha256:57e6846cc13ce1ff59979f4ec9da770c57e12aa99046073f632de5a51d9a6f20", size = 1088449, upload-time = "2026-08-14T20:36:34.723Z" },
    { url = "https://files.pythonhosted.org/packages/1d/36/3a14b0f8ddeb302f157281ca656a3ce6874b78e2d6af03682f520b487245/chardet-7.6.0-cp313-cp313-macosx_11_0_arm64.whl", hash = "sha256:089e3bb81a0a07e94f15461ded9f9ee66d349615b1a9fd557d4de1003e2fc12e", size = 1065126, upload-time = "2026-08-14T20:36:36.21Z" },
    { url = "https://files.pythonhosted.org/packages/d2/4c/f59a39c2bfe4ac99baba8da842e8d2ea0b84dff7ba53a96e7ad8c71602d7/chardet-7.6.0-cp313-cp313-manylinux2014_aarch64.manylinux_2_17_aarch64.manylinux_2_28_aarch64.whl", hash = "sha256:43ea433e43a23c55e8e17f3fad1e07f5cfe5450c73124b95b0d849c21ad379ee", size = 1482492, upload-time = "2026-08-14T20:36:37.649Z" },
    { url = "https://files.pythonhosted.org/packages/bd/eb/93e8036681157f2217a18769927a035984526e6dbd5e91f28a375ca41c14/chardet-7.6.0-cp313-cp313-manylinux2014_x86_64.manylinux_2_17_x86_64.manylinux_2_28_x86_64.whl", hash = "sha256:2b5d31f9b7f793e15e81cca877e7ccd72bffffa2a3443a9d47be9dfee84fad69", size = 1514185, upload-time = "2026-08-14T20:36:39.119Z" },
    { url = "https://files.pythonhosted.org/packages/10/04/0066d7ab2c135e404a6fa166bb7fa49d1c7bf7af07b86ed95b1c48a348c7/chardet-7.6.0-cp313-cp313-manylinux_2_31_riscv64.manylinux_2_39_riscv64.whl", hash = "sha256:c54b6a8d3b219560fa5cf4c28df932c37471afe047afdc152067104e741f38c1", size = 1454420, upload-time = "2026-08-14T20:36:40.549Z" },
    { url = "https://files.pythonhosted.org/packages/6c/9f/e965f1d9eddfb86cf118f980d329cbee43c4ac4b562448b369a6b6ef36af/chardet-7.6.0-cp313-cp313-win_amd64.whl", hash = "sha256:b3b4c96c4df93899b3c8b9e8159e06b1f55c66d7ca384d91481108e251a06eb0", size = 1159067, upload-time = "2026-08-14T20:36:41.816Z" },
    { url = "https://files.pythonhosted.org/packages/cf/78/e14991c9487277ed7d006fff58f3084ac792ed94cced081788abb95df70c/chardet-7.6.0-cp314-cp314-macosx_10_15_x86_64.whl", hash = "sha256:c6061adf247ab5dda173b67010e13904c6071717660c7c8077fb50aca362b264", size = 1087678, upload-time = "2026-08-14T20:36:43.2Z" },
    { url = "https://files.pythonhosted.org/packages/7a/40/0f95e04cb1820e0a582cd6d86bbf26be8302a94ccf330f8ba5f69735389d/chardet-7.6.0-cp314-cp314-macosx_11_0_arm64.whl", hash = "sha256:fc1e1571321baf8927582fe34363ad7f02279f11c8c2839c14b4c76894148db6", size = 1065310, upload-time = "2026-08-14T20:36:44.489Z" },
    { url = "https://files.pythonhosted.org/packages/3b/a1/04404dcc9d6e1253b02583e562d2c7ddca50a7e91f460d62eff7e1d07c92/chardet-7.6.0-cp314-cp314-manylinux2014_aarch64.manylinux_2_17_aarch64.manylinux_2_28_aarch64.whl", hash = "sha256:8900f6c7cf6b015b17a51767cc6144689059ba1cdceaa383d29eb037ac28579e", size = 1485028, upload-time = "2026-08-14T20:36:45.797Z" },
    { url = "https://files.pythonhosted.org/packages/f4/88/360064c4c7d9d0664561dae03b74c871d2f5332b329f5c99f1c997fb869a/chardet-7.6.0-cp314-cp314-manylinux2014_x86_64.manylinux_2_17_x86_64.manylinux_2_28_x86_64.whl", hash = "sha256:cedbc584789eb2edfde20fd03669972a833ce6019e60014ae613f9bfc440e8e3", size = 1510242, upload-time = "2026-08-14T20:36:47.206Z" },
    { url = "https://files.pythonhosted.org/packages/43/4c/302869fa1c69a5a41e4e78782680b12552ffd4286c3ae3c839b7b8df53d4/chardet-7.6.0-cp314-cp314-manylinux_2_31_riscv64.manylinux_2_39_riscv64.whl", hash = "sha256:d5dc835e40e0e09c2c3eab43731a8b5127834f42786dda09ba2f4b699ccd527a", size = 1456456, upload-time = "2026-08-14T20:36:48.668Z" },
    { url = "https://files.pythonhosted.org/packages/7c/a9/ff4fef15ed25fc3f945a3b981ae0f43c8559b3fbedb40267e59e583d105b/chardet-7.6.0-cp314-cp314-win_amd64.whl", hash = "sha256:0f304de7041afaec0195ad6464937cd112392002e9d72ed15d55f20a9abd3a13", size = 1159103, upload-time = "2026-08-14T20:36:50.107Z" },
    { url = "https://files.pythonhosted.org/packages/31/44/94e6f89485ce6c630e8fec6d388e3fa747e58b7246b0cc8c5c532ba98650/chardet-7.6.0-cp314-cp314t-macosx_10_15_x86_64.whl", hash = "sha256:a4f0a368ad04d5def08bdfaa17c7e15e71552f93923dc2aa9b2f7d9dee02fbb6", size = 1120302, upload-time = "2026-08-14T20:36:51.484Z" },
    { url = "https://files.pythonhosted.org/packages/e0/cd/8e68ba12f13aaf4ee82d54ef8a1f83d62942e7a6bc1e579dd2d530a3e26e/chardet-7.6.0-cp314-cp314t-macosx_11_0_arm64.whl", hash = "sha256:75d6c3a4d2046d49e83d2d2206eb073a1f390743e856d90c1bbc19949b26acf4", size = 1093157, upload-time = "2026-08-14T20:36:52.987Z" },
    { url = "https://files.pythonhosted.org/packages/f3/f6/6a35342b9efa69dcceab0ea8966571c6442a59c336bf460f0a2af95ed234/chardet-7.6.0-cp314-cp314t-manylinux2014_aarch64.manylinux_2_17_aarch64.manylinux_2_28_aarch64.whl", hash = "sha256:459e2b1c98f9a86a4698112aa42dffa802bbbff883c1ff144071f87224125862", size = 1521213, upload-time = "2026-08-14T20:36:54.812Z" },
    { url = "https://files.pythonhosted.org/packages/df/8c/8f09bfabbaedae45caa72b996e96d5e3f6436dfddc55c1311ffa2f6bd7d2/chardet-7.6.0-cp314-cp314t-manylinux2014_x86_64.manylinux_2_17_x86_64.manylinux_2_28_x86_64.whl", hash = "sha256:0bdb6f03107b7ace3f44e0edd91aa24456ee558787df265cc19daf45785b31c7", size = 1528427, upload-time = "2026-08-14T20:36:56.224Z" },
    { url = "https://files.pythonhosted.org/packages/0c/3d/2540627b193112e08b8045f3cad9295570866208555aa6625b63cc69c6cd/chardet-7.6.0-cp315-cp315-macosx_10_15_x86_64.whl", hash = "sha256:0c44a32da32cc8b23d6b20d98ace15ec7600950e4955d1bf5ab1f849b0187fdb", size = 1087374, upload-time = "2026-08-14T21:04:14.994Z" },
    { url = "https://files.pythonhosted.org/packages/fe/de/dac4f550cde73c4732b4916e72ec489ae36933fbbd1697e4122d3ae2e9dd/chardet-7.6.0-cp315-cp315-macosx_11_0_arm64.whl", hash = "sha256:7bbc8a9652c7f859c593847f220c1d264f25749369abb1a267b404ee8cceb209", size = 1064688, upload-time = "2026-08-14T21:04:16.806Z" },
    { url = "https://files.pythonhosted.org/packages/06/45/f4f3f288496797d2cf1d1e9036f920ed2b4c79787b21c42a3314f4a6d532/chardet-7.6.0-cp315-cp315-manylinux2014_aarch64.manylinux_2_17_aarch64.manylinux_2_28_aarch64.whl", hash = "sha256:83512a475a2f3886166aa0bca1bbb39343a4eb3186dd5532127d6f2591d09118", size = 1486320, upload-time = "2026-08-14T21:04:18.535Z" },
    { url = "https://files.pythonhosted.org/packages/c0/81/3ca30c16e6c6015b737fca22d9342957cc617d8a65329d3e963ad754a31b/chardet-7.6.0-cp315-cp315-manylinux2014_x86_64.manylinux_2_17_x86_64.manylinux_2_28_x86_64.whl", hash = "sha256:271ab71ec1be61dbbce0436de0848895c03eae051c379e937a39573d9ce403d9", size = 1515374, upload-time = "2026-08-14T21:04:20.724Z" },
    { url = "https://files.pythonhosted.org/packages/6e/98/163a75b8b3372a6b6503f5f5a4154a222ac135c7a706b5d176f8e4b237a2/chardet-7.6.0-cp315-cp315-manylinux_2_31_riscv64.manylinux_2_39_riscv64.whl", hash = "sha256:da86fc1b40ff5996fbb5e4c2d2dca770eac2c893cef157dacc050b8b4d929846", size = 1469504, upload-time = "2026-08-14T21:04:22.352Z" },
    { url = "https://files.pythonhosted.org/packages/d7/4f/3ad1b1bd27ae7f0d3d13cf711366525cd781a9e067950d8a09aa280916cb/chardet-7.6.0-cp315-cp315-win_amd64.whl", hash = "sha256:b73f277c1ac09c4f8076c4214b816c7aa78a0a2f0cb7156742f4303f856bedc3", size = 1158551, upload-time = "2026-08-14T21:04:24.259Z" },
    { url = "https://files.pythonhosted.org/packages/8d/92/22a609c68c5123ebdccd8fe1a80e423609012ce20166de19a2ed3955b2f7/chardet-7.6.0-cp315-cp315t-macosx_10_15_x86_64.whl", hash = "sha256:61238d5945b36af9a2ad13494f8969b7deb3c3b4abe223e54670c064e73f5328", size = 1119186, upload-time = "2026-08-14T21:04:25.761Z" },
    { url = "https://files.pythonhosted.org/packages/29/35/75a90143e4200e197f4f6cf5895d379e22bc785d0c7711120df18fa5347c/chardet-7.6.0-cp315-cp315t-macosx_11_0_arm64.whl", hash = "sha256:f2ec3c78cc6b54bf8e091ec4ee885473078b5d7ef18ab1b01c86ae1e98bf88f7", size = 1092596, upload-time = "2026-08-14T21:04:27.884Z" },
    { url = "https://files.pythonhosted.org/packages/d1/2c/b6d5f47d878c46e04ae6fcb58e0969467925bc0819b333c682e0c41bbc5c/chardet-7.6.0-cp315-cp315t-manylinux2014_aarch64.manylinux_2_17_aarch64.manylinux_2_28_aarch64.whl", hash = "sha256:167d7ba3ee08b654e36d7b43ebd9a36606c9a12e2fabdb361757a095ca3b7e3d", size = 1516644, upload-time = "2026-08-14T21:04:29.624Z" },
    { url = "https://files.pythonhosted.org/packages/25/d2/2bc3f1066c6f27bc3fa3a98dfd8a2a9c1e969a9d6bdc1edcd35278791fc4/chardet-7.6.0-cp315-cp315t-manylinux2014_x86_64.manylinux_2_17_x86_64.manylinux_2_28_x86_64.whl", hash = "sha256:f14f46ef1977e41ce1f4814ca6984cea7f8b6baf8cbc6626ef7bf3d13cf7ea13", size = 1533221, upload-time = "2026-08-14T21:04:31.39Z" },
    { url = "https://files.pythonhosted.org/packages/cf/6e/5a0b348fa4cd7847567a28c6e697ccf58391960bfd13a6e7473ee23ca2f2/chardet-7.6.0-py3-none-any.whl", hash = "sha256:4076d795897ce45239825956a1334e134322ecc4bfe84dbb12acd5390de0fbc1", size = 680279, upload-time = "2026-08-14T20:36:57.763Z" },
]

[[package]]
name = "customtkinter"
version = "5.2.2"
source = { registry = "https://pypi.org/simple" }
dependencies = [
    { name = "darkdetect" },
    { name = "packaging" },
]
sdist = { url = "https://files.pythonhosted.org/packages/cf/48/c5a9d44188c44702e1e3db493c741e9c779596835a761b819fe15431d163/customtkinter-5.2.2.tar.gz", hash = "sha256:fd8db3bafa961c982ee6030dba80b4c2e25858630756b513986db19113d8d207", size = 261999, upload-time = "2024-01-10T02:24:36.314Z" }
wheels = [
    { url = "https://files.pythonhosted.org/packages/3b/b1/b43b33001a77256b335511e75f257d001082350b8506c8807f30c98db052/customtkinter-5.2.2-py3-none-any.whl", hash = "sha256:14ad3e7cd3cb3b9eb642b9d4e8711ae80d3f79fb82545ad11258eeffb2e6b37c", size = 296062, upload-time = "2024-01-10T02:24:33.53Z" },
]

[[package]]
name = "darkdetect"
version = "0.8.0"
source = { registry = "https://pypi.org/simple" }
sdist = { url = "https://files.pythonhosted.org/packages/45/77/7575be73bf12dee231d0c6e60ce7fb7a7be4fcd58823374fc59a6e48262e/darkdetect-0.8.0.tar.gz", hash = "sha256:b5428e1170263eb5dea44c25dc3895edd75e6f52300986353cd63533fe7df8b1", size = 7681, upload-time = "2022-12-16T14:14:42.113Z" }
wheels = [
    { url = "https://files.pythonhosted.org/packages/f2/f2/728f041460f1b9739b85ee23b45fa5a505962ea11fd85bdbe2a02b021373/darkdetect-0.8.0-py3-none-any.whl", hash = "sha256:a7509ccf517eaad92b31c214f593dbcf138ea8a43b2935406bbd565e15527a85", size = 8955, upload-time = "2022-12-16T14:14:40.92Z" },
]

[[package]]
name = "gerador-pdf"
version = "0.2.0"
source = { virtual = "." }
dependencies = [
    { name = "customtkinter" },
    { name = "pillow" },
    { name = "reportlab" },
    { name = "tkinterdnd2" },
]

[package.dev-dependencies]
dev = [
    { name = "pyinstaller" },
]

[package.metadata]
requires-dist = [
    { name = "customtkinter", specifier = "==5.2.2" },
    { name = "pillow", specifier = "==10.4.0" },
    { name = "reportlab", specifier = "==4.2.5" },
    { name = "tkinterdnd2", specifier = "==0.4.2" },
]

[package.metadata.requires-dev]
dev = [{ name = "pyinstaller", specifier = "==6.10.0" }]

[[package]]
name = "macholib"
version = "1.16.4"
source = { registry = "https://pypi.org/simple" }
dependencies = [
    { name = "altgraph" },
]
sdist = { url = "https://files.pythonhosted.org/packages/10/2f/97589876ea967487978071c9042518d28b958d87b17dceb7cdc1d881f963/macholib-1.16.4.tar.gz", hash = "sha256:f408c93ab2e995cd2c46e34fe328b130404be143469e41bc366c807448979362", size = 59427, upload-time = "2025-11-22T08:28:38.373Z" }
wheels = [
    { url = "https://files.pythonhosted.org/packages/c7/d1/a9f36f8ecdf0fb7c9b1e78c8d7af12b8c8754e74851ac7b94a8305540fc7/macholib-1.16.4-py2.py3-none-any.whl", hash = "sha256:da1a3fa8266e30f0ce7e97c6a54eefaae8edd1e5f86f3eb8b95457cae90265ea", size = 38117, upload-time = "2025-11-22T08:28:36.939Z" },
]

[[package]]
name = "packaging"
version = "26.3"
source = { registry = "https://pypi.org/simple" }
sdist = { url = "https://files.pythonhosted.org/packages/7d/fa/3944b40b07da9ce895c0e6303a5ab7d53da063554f534556b134a54d6093/packaging-26.3.tar.gz", hash = "sha256:94edc256424af38762eb31306eed28beb9f0efc50a8837492c9d6fd6004aed79", size = 313412, upload-time = "2026-08-04T18:15:28.737Z" }
wheels = [
    { url = "https://files.pythonhosted.org/packages/63/34/ba1c580383c9eada3711951fef0795c80b829a078d72188184bcab9dd527/packaging-26.3-py3-none-any.whl", hash = "sha256:d7193f7c8e4e93f444fde0262bf90af30e16fa0ad0ad44cb553c87339b23cd1c", size = 129956, upload-time = "2026-08-04T18:15:27.159Z" },
]

[[package]]
name = "pefile"
version = "2024.8.26"
source = { registry = "https://pypi.org/simple" }
sdist = { url = "https://files.pythonhosted.org/packages/03/4f/2750f7f6f025a1507cd3b7218691671eecfd0bbebebe8b39aa0fe1d360b8/pefile-2024.8.26.tar.gz", hash = "sha256:3ff6c5d8b43e8c37bb6e6dd5085658d658a7a0bdcd20b6a07b1fcfc1c4e9d632", size = 76008, upload-time = "2024-08-26T20:58:38.155Z" }
wheels = [
    { url = "https://files.pythonhosted.org/packages/54/16/12b82f791c7f50ddec566873d5bdd245baa1491bac11d15ffb98aecc8f8b/pefile-2024.8.26-py3-none-any.whl", hash = "sha256:76f8b485dcd3b1bb8166f1128d395fa3d87af26360c2358fb75b80019b957c6f", size = 74766, upload-time = "2024-08-26T21:01:02.632Z" },
]

[[package]]
name = "pillow"
version = "10.4.0"
source = { registry = "https://pypi.org/simple" }
sdist = { url = "https://files.pythonhosted.org/packages/cd/74/ad3d526f3bf7b6d3f408b73fde271ec69dfac8b81341a318ce825f2b3812/pillow-10.4.0.tar.gz", hash = "sha256:166c1cd4d24309b30d61f79f4a9114b7b2313d7450912277855ff5dfd7cd4a06", size = 46555059, upload-time = "2024-07-01T09:48:43.583Z" }
wheels = [
    { url = "https://files.pythonhosted.org/packages/05/cb/0353013dc30c02a8be34eb91d25e4e4cf594b59e5a55ea1128fde1e5f8ea/pillow-10.4.0-cp312-cp312-macosx_10_10_x86_64.whl", hash = "sha256:673655af3eadf4df6b5457033f086e90299fdd7a47983a13827acf7459c15d94", size = 3509350, upload-time = "2024-07-01T09:46:17.177Z" },
    { url = "https://files.pythonhosted.org/packages/e7/cf/5c558a0f247e0bf9cec92bff9b46ae6474dd736f6d906315e60e4075f737/pillow-10.4.0-cp312-cp312-macosx_11_0_arm64.whl", hash = "sha256:866b6942a92f56300012f5fbac71f2d610312ee65e22f1aa2609e491284e5597", size = 3374980, upload-time = "2024-07-01T09:46:19.169Z" },
    { url = "https://files.pythonhosted.org/packages/84/48/6e394b86369a4eb68b8a1382c78dc092245af517385c086c5094e3b34428/pillow-10.4.0-cp312-cp312-manylinux_2_17_aarch64.manylinux2014_aarch64.whl", hash = "sha256:29dbdc4207642ea6aad70fbde1a9338753d33fb23ed6956e706936706f52dd80", size = 4343799, upload-time = "2024-07-01T09:46:21.883Z" },
    { url = "https://files.pythonhosted.org/packages/3b/f3/a8c6c11fa84b59b9df0cd5694492da8c039a24cd159f0f6918690105c3be/pillow-10.4.0-cp312-cp312-manylinux_2_17_x86_64.manylinux2014_x86_64.whl", hash = "sha256:bf2342ac639c4cf38799a44950bbc2dfcb685f052b9e262f446482afaf4bffca", size = 4459973, upload-time = "2024-07-01T09:46:24.321Z" },
    { url = "https://files.pythonhosted.org/packages/7d/1b/c14b4197b80150fb64453585247e6fb2e1d93761fa0fa9cf63b102fde822/pillow-10.4.0-cp312-cp312-manylinux_2_28_aarch64.whl", hash = "sha256:f5b92f4d70791b4a67157321c4e8225d60b119c5cc9aee8ecf153aace4aad4ef", size = 4370054, upload-time = "2024-07-01T09:46:26.825Z" },
    { url = "https://files.pythonhosted.org/packages/55/77/40daddf677897a923d5d33329acd52a2144d54a9644f2a5422c028c6bf2d/pillow-10.4.0-cp312-cp312-manylinux_2_28_x86_64.whl", hash = "sha256:86dcb5a1eb778d8b25659d5e4341269e8590ad6b4e8b44d9f4b07f8d136c414a", size = 4539484, upload-time = "2024-07-01T09:46:29.355Z" },
    { url = "https://files.pythonhosted.org/packages/40/54/90de3e4256b1207300fb2b1d7168dd912a2fb4b2401e439ba23c2b2cabde/pillow-10.4.0-cp312-cp312-musllinux_1_2_aarch64.whl", hash = "sha256:780c072c2e11c9b2c7ca37f9a2ee8ba66f44367ac3e5c7832afcfe5104fd6d1b", size = 4477375, upload-time = "2024-07-01T09:46:31.756Z" },
    { url = "https://files.pythonhosted.org/packages/13/24/1bfba52f44193860918ff7c93d03d95e3f8748ca1de3ceaf11157a14cf16/pillow-10.4.0-cp312-cp312-musllinux_1_2_x86_64.whl", hash = "sha256:37fb69d905be665f68f28a8bba3c6d3223c8efe1edf14cc4cfa06c241f8c81d9", size = 4608773, upload-time = "2024-07-01T09:46:33.73Z" },
    { url = "https://files.pythonhosted.org/packages/55/04/5e6de6e6120451ec0c24516c41dbaf80cce1b6451f96561235ef2429da2e/pillow-10.4.0-cp312-cp312-win32.whl", hash = "sha256:7dfecdbad5c301d7b5bde160150b4db4c659cee2b69589705b6f8a0c509d9f42", size = 2235690, upload-time = "2024-07-01T09:46:36.587Z" },
    { url = "https://files.pythonhosted.org/packages/74/0a/d4ce3c44bca8635bd29a2eab5aa181b654a734a29b263ca8efe013beea98/pillow-10.4.0-cp312-cp312-win_amd64.whl", hash = "sha256:1d846aea995ad352d4bdcc847535bd56e0fd88d36829d2c90be880ef1ee4668a", size = 2554951, upload-time = "2024-07-01T09:46:38.777Z" },
    { url = "https://files.pythonhosted.org/packages/b5/ca/184349ee40f2e92439be9b3502ae6cfc43ac4b50bc4fc6b3de7957563894/pillow-10.4.0-cp312-cp312-win_arm64.whl", hash = "sha256:e553cad5179a66ba15bb18b353a19020e73a7921296a7979c4a2b7f6a5cd57f9", size = 2243427, upload-time = "2024-07-01T09:46:43.15Z" },
    { url = "https://files.pythonhosted.org/packages/c3/00/706cebe7c2c12a6318aabe5d354836f54adff7156fd9e1bd6c89f4ba0e98/pillow-10.4.0-cp313-cp313-macosx_10_13_x86_64.whl", hash = "sha256:8bc1a764ed8c957a2e9cacf97c8b2b053b70307cf2996aafd70e91a082e70df3", size = 3525685, upload-time = "2024-07-01T09:46:45.194Z" },
    { url = "https://files.pythonhosted.org/packages/cf/76/f658cbfa49405e5ecbfb9ba42d07074ad9792031267e782d409fd8fe7c69/pillow-10.4.0-cp313-cp313-macosx_11_0_arm64.whl", hash = "sha256:6209bb41dc692ddfee4942517c19ee81b86c864b626dbfca272ec0f7cff5d9fb", size = 3374883, upload-time = "2024-07-01T09:46:47.331Z" },
    { url = "https://files.pythonhosted.org/packages/46/2b/99c28c4379a85e65378211971c0b430d9c7234b1ec4d59b2668f6299e011/pillow-10.4.0-cp313-cp313-manylinux_2_17_aarch64.manylinux2014_aarch64.whl", hash = "sha256:bee197b30783295d2eb680b311af15a20a8b24024a19c3a26431ff83eb8d1f70", size = 4339837, upload-time = "2024-07-01T09:46:49.647Z" },
    { url = "https://files.pythonhosted.org/packages/f1/74/b1ec314f624c0c43711fdf0d8076f82d9d802afd58f1d62c2a86878e8615/pillow-10.4.0-cp313-cp313-manylinux_2_17_x86_64.manylinux2014_x86_64.whl", hash = "sha256:1ef61f5dd14c300786318482456481463b9d6b91ebe5ef12f405afbba77ed0be", size = 4455562, upload-time = "2024-07-01T09:46:51.811Z" },
    { url = "https://files.pythonhosted.org/packages/4a/2a/4b04157cb7b9c74372fa867096a1607e6fedad93a44deeff553ccd307868/pillow-10.4.0-cp313-cp313-manylinux_2_28_aarch64.whl", hash = "sha256:297e388da6e248c98bc4a02e018966af0c5f92dfacf5a5ca22fa01cb3179bca0", size = 4366761, upload-time = "2024-07-01T09:46:53.961Z" },
    { url = "https://files.pythonhosted.org/packages/ac/7b/8f1d815c1a6a268fe90481232c98dd0e5fa8c75e341a75f060037bd5ceae/pillow-10.4.0-cp313-cp313-manylinux_2_28_x86_64.whl", hash = "sha256:e4db64794ccdf6cb83a59d73405f63adbe2a1887012e308828596100a0b2f6cc", size = 4536767, upload-time = "2024-07-01T09:46:56.664Z" },
    { url = "https://files.pythonhosted.org/packages/e5/77/05fa64d1f45d12c22c314e7b97398ffb28ef2813a485465017b7978b3ce7/pillow-10.4.0-cp313-cp313-musllinux_1_2_aarch64.whl", hash = "sha256:bd2880a07482090a3bcb01f4265f1936a903d70bc740bfcb1fd4e8a2ffe5cf5a", size = 4477989, upload-time = "2024-07-01T09:46:58.977Z" },
    { url = "https://files.pythonhosted.org/packages/12/63/b0397cfc2caae05c3fb2f4ed1b4fc4fc878f0243510a7a6034ca59726494/pillow-10.4.0-cp313-cp313-musllinux_1_2_x86_64.whl", hash = "sha256:4b35b21b819ac1dbd1233317adeecd63495f6babf21b7b2512d244ff6c6ce309", size = 4610255, upload-time = "2024-07-01T09:47:01.189Z" },
    { url = "https://files.pythonhosted.org/packages/7b/f9/cfaa5082ca9bc4a6de66ffe1c12c2d90bf09c309a5f52b27759a596900e7/pillow-10.4.0-cp313-cp313-win32.whl", hash = "sha256:551d3fd6e9dc15e4c1eb6fc4ba2b39c0c7933fa113b220057a34f4bb3268a060", size = 2235603, upload-time = "2024-07-01T09:47:03.918Z" },
    { url = "https://files.pythonhosted.org/packages/01/6a/30ff0eef6e0c0e71e55ded56a38d4859bf9d3634a94a88743897b5f96936/pillow-10.4.0-cp313-cp313-win_amd64.whl", hash = "sha256:030abdbe43ee02e0de642aee345efa443740aa4d828bfe8e2eb11922ea6a21ea", size = 2554972, upload-time = "2024-07-01T09:47:06.152Z" },
    { url = "https://files.pythonhosted.org/packages/48/2c/2e0a52890f269435eee38b21c8218e102c621fe8d8df8b9dd06fabf879ba/pillow-10.4.0-cp313-cp313-win_arm64.whl", hash = "sha256:5b001114dd152cfd6b23befeb28d7aee43553e2402c9f159807bf55f33af8a8d", size = 2243375, upload-time = "2024-07-01T09:47:09.065Z" },
]

[[package]]
name = "pyinstaller"
version = "6.10.0"
source = { registry = "https://pypi.org/simple" }
dependencies = [
    { name = "altgraph" },
    { name = "macholib", marker = "sys_platform == 'darwin'" },
    { name = "packaging" },
    { name = "pefile", marker = "sys_platform == 'win32'" },
    { name = "pyinstaller-hooks-contrib" },
    { name = "pywin32-ctypes", marker = "sys_platform == 'win32'" },
    { name = "setuptools" },
]
sdist = { url = "https://files.pythonhosted.org/packages/5c/df/30b1f66d35defa37e676556acca4eb775b49637bb73054b0c31af134cd8a/pyinstaller-6.10.0.tar.gz", hash = "sha256:143840f8056ff7b910bf8f16f6cd92cc10a6c2680bb76d0a25d558d543d21270", size = 2464746, upload-time = "2024-08-10T16:37:15.601Z" }
wheels = [
    { url = "https://files.pythonhosted.org/packages/a6/fd/9b3c208c9cc822555b88c6af051da5f7291f367e4337ea44b138008ba2fb/pyinstaller-6.10.0-py3-none-macosx_10_13_universal2.whl", hash = "sha256:d60fb22859e11483af735aec115fdde09467cdbb29edd9844839f2c920b748c0", size = 984872, upload-time = "2024-08-10T16:35:22.129Z" },
    { url = "https://files.pythonhosted.org/packages/b7/1c/1071c69e21b27ca5b1ea185fb897a0e724e85b8c4456b0b142b0cac3c33b/pyinstaller-6.10.0-py3-none-manylinux2014_aarch64.whl", hash = "sha256:46d75359668993ddd98630a3669dc5249f3c446e35239b43bc7f4155bc574748", size = 705041, upload-time = "2024-08-10T16:35:31.61Z" },
    { url = "https://files.pythonhosted.org/packages/c4/44/4e20bf97d464cb27fd9b25321c94beb8d1f5ed7176af38fe6a22d8766d2e/pyinstaller-6.10.0-py3-none-manylinux2014_i686.whl", hash = "sha256:3398a98fa17d47ccb31f8779ecbdacec025f7adb2f22757a54b706ac8b4fe906", size = 707309, upload-time = "2024-08-10T16:35:40.622Z" },
    { url = "https://files.pythonhosted.org/packages/65/e7/452dc579bd38b50142a0886a3a0fd67aa14fb84ea0376f339a568931319c/pyinstaller-6.10.0-py3-none-manylinux2014_ppc64le.whl", hash = "sha256:e9989f354ae4ed8a3bec7bdb37ae0d170751d6520e500f049c7cd0632d31d5c3", size = 712476, upload-time = "2024-08-10T16:35:48.985Z" },
    { url = "https://files.pythonhosted.org/packages/6e/56/5ce76d7dd53f8ed13d91d0ac9688b5624c849ad2dfcee18ff5709955d150/pyinstaller-6.10.0-py3-none-manylinux2014_s390x.whl", hash = "sha256:b7c90c91921b3749083115b28f30f40abf2bb481ceff196d2b2ce0eaa2b3d429", size = 702859, upload-time = "2024-08-10T16:35:55.79Z" },
    { url = "https://files.pythonhosted.org/packages/19/78/604bec9cd73cd02ed29f7bd72ec25dff6eccc57554ec3ab096959fae65de/pyinstaller-6.10.0-py3-none-manylinux2014_x86_64.whl", hash = "sha256:6cf876d7d93b8b4f28d1ad57fa24645cf43119c79e985dd5e5f7a801245e6f53", size = 703343, upload-time = "2024-08-10T16:36:02.374Z" },
    { url = "https://files.pythonhosted.org/packages/ba/8f/f21b92a90bb48a0e59f448ff6f92a823457922207cede7ae3abedcbfb974/pyinstaller-6.10.0-py3-none-musllinux_1_1_aarch64.whl", hash = "sha256:db05e3f2f10f9f78c56f1fb163d9cb453433429fe4281218ebaf1ebfd39ba942", size = 707763, upload-time = "2024-08-10T16:36:08.251Z" },
    { url = "https://files.pythonhosted.org/packages/fa/77/eeac52914f24d952524493d3190f6a383582d4abb117076f50264eba0f9e/pyinstaller-6.10.0-py3-none-musllinux_1_1_x86_64.whl", hash = "sha256:28eca3817f176fdc19747e1afcf434f13bb9f17a644f611be2c5a61b1f498ed7", size = 703742, upload-time = "2024-08-10T16:36:14.311Z" },
    { url = "https://files.pythonhosted.org/packages/a2/fd/dcbeb93783b983c8bf5d9cab929361761b0c3bc560de5377041eb2aec2b0/pyinstaller-6.10.0-py3-none-win32.whl", hash = "sha256:703e041718987e46ba0568a2c71ecf2459fddef57cf9edf3efeed4a53e3dae3f", size = 1272503, upload-time = "2024-08-10T16:36:27.633Z" },
    { url = "https://files.pythonhosted.org/packages/c2/13/fe1ea2fb379a4ea86fa38c224b853b94227246840484feccbb4f2fded615/pyinstaller-6.10.0-py3-none-win_amd64.whl", hash = "sha256:95b55966e563e8b8f31a43882aea10169e9a11fdf38e626d86a2907b640c0701", size = 1332831, upload-time = "2024-08-10T16:36:38.305Z" },
    { url = "https://files.pythonhosted.org/packages/4e/4f/d46f182cae5b43d97b18fa5b167a233ec04fd616d60514aece08d5c45ab8/pyinstaller-6.10.0-py3-none-win_arm64.whl", hash = "sha256:308e0a8670c9c9ac0cebbf1bbb492e71b6675606f2ec78bc4adfc830d209e087", size = 1259686, upload-time = "2024-08-10T16:36:53.356Z" },
]

[[package]]
name = "pyinstaller-hooks-contrib"
version = "2026.6"
source = { registry = "https://pypi.org/simple" }
dependencies = [
    { name = "packaging" },
]
sdist = { url = "https://files.pythonhosted.org/packages/94/5b/c9fe0db5e83ee1c39b2258fa21d23b15e1a60786b6c5990ee5074ead8bb6/pyinstaller_hooks_contrib-2026.6.tar.gz", hash = "sha256:bef5002c32f4f50bd55b005da12cff64eca8783e7eaf86a06a62410164bab725", size = 173354, upload-time = "2026-06-08T22:37:16.152Z" }
wheels = [
    { url = "https://files.pythonhosted.org/packages/e7/31/f2d7343d8ed5f7c4678377886f6ce533e6eaaa131b252ce950114c2a7efa/pyinstaller_hooks_contrib-2026.6-py3-none-any.whl", hash = "sha256:fd13b8ac126b35361175edacd41a0d97080b75dd5f4b594ecefefff969509dd3", size = 457159, upload-time = "2026-06-08T22:37:14.722Z" },
]

[[package]]
name = "pywin32-ctypes"
version = "0.2.3"
source = { registry = "https://pypi.org/simple" }
sdist = { url = "https://files.pythonhosted.org/packages/85/9f/01a1a99704853cb63f253eea009390c88e7131c67e66a0a02099a8c917cb/pywin32-ctypes-0.2.3.tar.gz", hash = "sha256:d162dc04946d704503b2edc4d55f3dba5c1d539ead017afa00142c38b9885755", size = 29471, upload-time = "2024-08-14T10:15:34.626Z" }
wheels = [
    { url = "https://files.pythonhosted.org/packages/de/3d/8161f7711c017e01ac9f008dfddd9410dff3674334c233bde66e7ba65bbf/pywin32_ctypes-0.2.3-py3-none-any.whl", hash = "sha256:8a1513379d709975552d202d942d9837758905c8d01eb82b8bcc30918929e7b8", size = 30756, upload-time = "2024-08-14T10:15:33.187Z" },
]

[[package]]
name = "reportlab"
version = "4.2.5"
source = { registry = "https://pypi.org/simple" }
dependencies = [
    { name = "chardet" },
    { name = "pillow" },
]
sdist = { url = "https://files.pythonhosted.org/packages/c2/4c/ac8c34dc022fd4f542bc86d266b0bf83ce079917875d16ab52b95c588a34/reportlab-4.2.5.tar.gz", hash = "sha256:5cf35b8fd609b68080ac7bbb0ae1e376104f7d5f7b2d3914c7adc63f2593941f", size = 3581379, upload-time = "2024-10-01T16:03:41.05Z" }
wheels = [
    { url = "https://files.pythonhosted.org/packages/73/12/6444906db1bc65d3a8118afb089d53c7eeca0726164f51eb3599de1d0665/reportlab-4.2.5-py3-none-any.whl", hash = "sha256:eb2745525a982d9880babb991619e97ac3f661fae30571b7d50387026ca765ee", size = 1942821, upload-time = "2024-10-01T16:03:37.012Z" },
]

[[package]]
name = "setuptools"
version = "84.0.0"
source = { registry = "https://pypi.org/simple" }
sdist = { url = "https://files.pythonhosted.org/packages/6d/44/f5da03a8ef95d369145c5bb53050e7877c9f3d312e128605fd9504829143/setuptools-84.0.0.tar.gz", hash = "sha256:f4695c21257f0d9b537ec2692c941d02ee143b7cc1276941349a546573b2ef73", size = 1168449, upload-time = "2026-08-08T18:27:58.365Z" }
wheels = [
    { url = "https://files.pythonhosted.org/packages/95/9c/c510029fc6ef33a6275cd2c5d3cecd6613dfd6aa401d57c54f1c18852ccf/setuptools-84.0.0-py3-none-any.whl", hash = "sha256:51a52592b3b99e102b609654876bd65f19f999935166d1352678931132b0c670", size = 818216, upload-time = "2026-08-08T18:27:56.719Z" },
]

[[package]]
name = "tkinterdnd2"
version = "0.4.2"
source = { registry = "https://pypi.org/simple" }
sdist = { url = "https://files.pythonhosted.org/packages/a1/38/5c5e18324d024a3e4a0bce18875f057f1b3c8044ea5b15bcf5ffad261275/tkinterdnd2-0.4.2.tar.gz", hash = "sha256:00180ac38d86578441dea4662026c7867a022e14501ad492f81e22e22135ceb6", size = 443991, upload-time = "2024-07-31T12:44:44.038Z" }
wheels = [
    { url = "https://files.pythonhosted.org/packages/15/9b/768f66f3bfa0a0d7d17eb2e3712a77b4ce5686b8450e396df0acbeeb7f0a/tkinterdnd2-0.4.2-py3-none-any.whl", hash = "sha256:73eb0a2e380f49687c1ac3b499014b09b53febc7f93d7ab4fefa4ede9691ab57", size = 492701, upload-time = "2024-07-31T12:44:42.059Z" },
]
